
Microsoft Visual Studio Solution File, Format Version 12.00
# Visual Studio Version 16
VisualStudioVersion = 16.0.31911.196
MinimumVisualStudioVersion = 10.0.40219.1
Project("{FAE04EC0-301F-11D3-BF4B-00C04F79EFBC}") = "3.2", "3.2\3.2.csproj", "{49454813-B0D7-40C0-82C2-BB997C4328A0}"
EndProject
Global
	GlobalSection(SolutionConfigurationPlatforms) = preSolution
		Debug|Any CPU = Debug|Any CPU
		Release|Any CPU = Release|Any CPU
	EndGlobalSection
	GlobalSection(ProjectConfigurationPlatforms) = postSolution
		{49454813-B0D7-40C0-82C2-BB997C4328A0}.Debug|Any CPU.ActiveCfg = Debug|Any CPU
		{49454813-B0D7-40C0-82C2-BB997C4328A0}.Debug|Any CPU.Build.0 = Debug|Any CPU
		{49454813-B0D7-40C0-82C2-BB997C4328A0}.Release|Any CPU.ActiveCfg = Release|Any CPU
		{49454813-B0D7-40C0-82C2-BB997C4328A0}.Release|Any CPU.Build.0 = Release|Any CPU
	EndGlobalSection
	GlobalSection(SolutionProperties) = preSolution
		HideSolutionNode = FALSE
	EndGlobalSection
	GlobalSection(ExtensibilityGlobals) = postSolution
		SolutionGuid = {FAC8A91C-92C4-463E-9B85-7DE799DDF3A7}
	EndGlobalSection
EndGlobal
